
Microsoft Visual Studio Solution File, Format Version 12.00
# Visual Studio Version 17
VisualStudioVersion = 17.12.35209.166
MinimumVisualStudioVersion = 10.0.40219.1
Project("{FAE04EC0-301F-11D3-BF4B-00C04F79EFBC}") = "sms.backend", "sms.backend\sms.backend.csproj", "{C130121D-2721-47D3-9F66-5EE1C77D96B5}"
EndProject
Project("{E24C65DC-7377-472B-9ABA-BC803B73C61A}") = "sms-frontend", "..\..\SMS\SchoolManagmentSystem\sms-frontend\", "{3E014F20-D1A6-479D-AFE9-7CFCDD109016}"
	ProjectSection(WebsiteProperties) = preProject
		TargetFrameworkMoniker = ".NETFramework,Version%3Dv4.8"
		Debug.AspNetCompiler.VirtualPath = "/localhost_4876"
		Debug.AspNetCompiler.PhysicalPath = "..\..\SMS\SchoolManagmentSystem\sms-frontend\"
		Debug.AspNetCompiler.TargetPath = "PrecompiledWeb\localhost_4876\"
		Debug.AspNetCompiler.Updateable = "true"
		Debug.AspNetCompiler.ForceOverwrite = "true"
		Debug.AspNetCompiler.FixedNames = "false"
		Debug.AspNetCompiler.Debug = "True"
		Release.AspNetCompiler.VirtualPath = "/localhost_4876"
		Release.AspNetCompiler.PhysicalPath = "..\..\SMS\SchoolManagmentSystem\sms-frontend\"
		Release.AspNetCompiler.TargetPath = "PrecompiledWeb\localhost_4876\"
		Release.AspNetCompiler.Updateable = "true"
		Release.AspNetCompiler.ForceOverwrite = "true"
		Release.AspNetCompiler.FixedNames = "false"
		Release.AspNetCompiler.Debug = "False"
		VWDPort = "4876"
	EndProjectSection
EndProject
Global
	GlobalSection(SolutionConfigurationPlatforms) = preSolution
		Debug|Any CPU = Debug|Any CPU
		Release|Any CPU = Release|Any CPU
	EndGlobalSection
	GlobalSection(ProjectConfigurationPlatforms) = postSolution
		{C130121D-2721-47D3-9F66-5EE1C77D96B5}.Debug|Any CPU.ActiveCfg = Debug|Any CPU
		{C130121D-2721-47D3-9F66-5EE1C77D96B5}.Debug|Any CPU.Build.0 = Debug|Any CPU
		{C130121D-2721-47D3-9F66-5EE1C77D96B5}.Release|Any CPU.ActiveCfg = Release|Any CPU
		{C130121D-2721-47D3-9F66-5EE1C77D96B5}.Release|Any CPU.Build.0 = Release|Any CPU
		{3E014F20-D1A6-479D-AFE9-7CFCDD109016}.Debug|Any CPU.ActiveCfg = Debug|Any CPU
		{3E014F20-D1A6-479D-AFE9-7CFCDD109016}.Debug|Any CPU.Build.0 = Debug|Any CPU
		{3E014F20-D1A6-479D-AFE9-7CFCDD109016}.Release|Any CPU.ActiveCfg = Debug|Any CPU
		{3E014F20-D1A6-479D-AFE9-7CFCDD109016}.Release|Any CPU.Build.0 = Debug|Any CPU
	EndGlobalSection
	GlobalSection(SolutionProperties) = preSolution
		HideSolutionNode = FALSE
	EndGlobalSection
	GlobalSection(ExtensibilityGlobals) = postSolution
		SolutionGuid = {DD54C881-EB62-4626-8289-E3BC3AF68FB7}
	EndGlobalSection
EndGlobal
